
Microsoft Visual Studio Solution File, Format Version 12.00
# Visual Studio Version 17
VisualStudioVersion = 17.7.34018.315
MinimumVisualStudioVersion = 10.0.40219.1
Project("{FAE04EC0-301F-11D3-BF4B-00C04F79EFBC}") = "UserApi", "UserApi\UserApi.csproj", "{AB8F589C-798D-4133-90D3-D26E194328B8}"
EndProject
Global
	GlobalSection(SolutionConfigurationPlatforms) = preSolution
		Debug|Any CPU = Debug|Any CPU
		Release|Any CPU = Release|Any CPU
	EndGlobalSection
	GlobalSection(ProjectConfigurationPlatforms) = postSolution
		{AB8F589C-798D-4133-90D3-D26E194328B8}.Debug|Any CPU.ActiveCfg = Debug|Any CPU
		{AB8F589C-798D-4133-90D3-D26E194328B8}.Debug|Any CPU.Build.0 = Debug|Any CPU
		{AB8F589C-798D-4133-90D3-D26E194328B8}.Release|Any CPU.ActiveCfg = Release|Any CPU
		{AB8F589C-798D-4133-90D3-D26E194328B8}.Release|Any CPU.Build.0 = Release|Any CPU
	EndGlobalSection
	GlobalSection(SolutionProperties) = preSolution
		HideSolutionNode = FALSE
	EndGlobalSection
	GlobalSection(ExtensibilityGlobals) = postSolution
		SolutionGuid = {443855F2-C1D9-4FBE-82AA-4A68E741E83F}
	EndGlobalSection
EndGlobal
